
Microsoft Visual Studio Solution File, Format Version 12.00
# Visual Studio Version 16
VisualStudioVersion = 16.0.30621.155
MinimumVisualStudioVersion = 10.0.40219.1
Project("{FAE04EC0-301F-11D3-BF4B-00C04F79EFBC}") = "Lab0_EDI", "Lab0_EDI.csproj", "{D5B97B69-A6DD-4464-95C7-8C725F5D0A37}"
EndProject
Global
	GlobalSection(SolutionConfigurationPlatforms) = preSolution
		Debug|Any CPU = Debug|Any CPU
		Release|Any CPU = Release|Any CPU
	EndGlobalSection
	GlobalSection(ProjectConfigurationPlatforms) = postSolution
		{D5B97B69-A6DD-4464-95C7-8C725F5D0A37}.Debug|Any CPU.ActiveCfg = Debug|Any CPU
		{D5B97B69-A6DD-4464-95C7-8C725F5D0A37}.Debug|Any CPU.Build.0 = Debug|Any CPU
		{D5B97B69-A6DD-4464-95C7-8C725F5D0A37}.Release|Any CPU.ActiveCfg = Release|Any CPU
		{D5B97B69-A6DD-4464-95C7-8C725F5D0A37}.Release|Any CPU.Build.0 = Release|Any CPU
	EndGlobalSection
	GlobalSection(SolutionProperties) = preSolution
		HideSolutionNode = FALSE
	EndGlobalSection
	GlobalSection(ExtensibilityGlobals) = postSolution
		SolutionGuid = {A2A3F662-13F4-4A24-9CE6-45E37812A429}
	EndGlobalSection
EndGlobal
